
Microsoft Visual Studio Solution File, Format Version 11.00
# Visual Studio 2010
Project("{FAE04EC0-301F-11D3-BF4B-00C04F79EFBC}") = "NativeGallery.Runtime", "NativeGallery.Runtime.csproj", "{BB8699DE-9EE1-FE11-5F5F-C939104D2853}"
EndProject
Project("{FAE04EC0-301F-11D3-BF4B-00C04F79EFBC}") = "Assembly-CSharp", "Assembly-CSharp.csproj", "{9C9A87BC-0D99-085B-2332-86815A59690F}"
EndProject
Project("{FAE04EC0-301F-11D3-BF4B-00C04F79EFBC}") = "NativeGallery.Editor", "NativeGallery.Editor.csproj", "{9FFE85E1-A6E4-7144-3923-F1BDD724C63F}"
EndProject
Global
	GlobalSection(SolutionConfigurationPlatforms) = preSolution
		Debug|Any CPU = Debug|Any CPU
		Release|Any CPU = Release|Any CPU
	EndGlobalSection
	GlobalSection(ProjectConfigurationPlatforms) = postSolution
		{BB8699DE-9EE1-FE11-5F5F-C939104D2853}.Debug|Any CPU.ActiveCfg = Debug|Any CPU
		{BB8699DE-9EE1-FE11-5F5F-C939104D2853}.Debug|Any CPU.Build.0 = Debug|Any CPU
		{BB8699DE-9EE1-FE11-5F5F-C939104D2853}.Release|Any CPU.ActiveCfg = Release|Any CPU
		{BB8699DE-9EE1-FE11-5F5F-C939104D2853}.Release|Any CPU.Build.0 = Release|Any CPU
		{9C9A87BC-0D99-085B-2332-86815A59690F}.Debug|Any CPU.ActiveCfg = Debug|Any CPU
		{9C9A87BC-0D99-085B-2332-86815A59690F}.Debug|Any CPU.Build.0 = Debug|Any CPU
		{9C9A87BC-0D99-085B-2332-86815A59690F}.Release|Any CPU.ActiveCfg = Release|Any CPU
		{9C9A87BC-0D99-085B-2332-86815A59690F}.Release|Any CPU.Build.0 = Release|Any CPU
		{9FFE85E1-A6E4-7144-3923-F1BDD724C63F}.Debug|Any CPU.ActiveCfg = Debug|Any CPU
		{9FFE85E1-A6E4-7144-3923-F1BDD724C63F}.Debug|Any CPU.Build.0 = Debug|Any CPU
		{9FFE85E1-A6E4-7144-3923-F1BDD724C63F}.Release|Any CPU.ActiveCfg = Release|Any CPU
		{9FFE85E1-A6E4-7144-3923-F1BDD724C63F}.Release|Any CPU.Build.0 = Release|Any CPU
	EndGlobalSection
	GlobalSection(SolutionProperties) = preSolution
		HideSolutionNode = FALSE
	EndGlobalSection
EndGlobal
