
Microsoft Visual Studio Solution File, Format Version 11.00
# Visual Studio 2010
Project("{FAE04EC0-301F-11D3-BF4B-00C04F79EFBC}") = "Assembly-CSharp", "Assembly-CSharp.csproj", "{bc879a9c-990d-5b08-2332-86815a59690f}"
EndProject
Project("{FAE04EC0-301F-11D3-BF4B-00C04F79EFBC}") = "Pcx", "Pcx.csproj", "{ad95ca45-0586-86fd-8abc-9d85b84ce66f}"
EndProject
Project("{FAE04EC0-301F-11D3-BF4B-00C04F79EFBC}") = "Assembly-CSharp-Editor", "Assembly-CSharp-Editor.csproj", "{df1d3ad9-9104-34a6-506e-581fdfe61d13}"
EndProject
Project("{FAE04EC0-301F-11D3-BF4B-00C04F79EFBC}") = "Pcx.Editor", "Pcx.Editor.csproj", "{6643e9c6-52f4-38fd-e84e-2306398ad334}"
EndProject
Global
	GlobalSection(SolutionConfigurationPlatforms) = preSolution
		Debug|Any CPU = Debug|Any CPU
		Release|Any CPU = Release|Any CPU
	EndGlobalSection
	GlobalSection(ProjectConfigurationPlatforms) = postSolution
		{bc879a9c-990d-5b08-2332-86815a59690f}.Debug|Any CPU.ActiveCfg = Debug|Any CPU
		{bc879a9c-990d-5b08-2332-86815a59690f}.Debug|Any CPU.Build.0 = Debug|Any CPU
		{bc879a9c-990d-5b08-2332-86815a59690f}.Release|Any CPU.ActiveCfg = Release|Any CPU
		{bc879a9c-990d-5b08-2332-86815a59690f}.Release|Any CPU.Build.0 = Release|Any CPU
		{ad95ca45-0586-86fd-8abc-9d85b84ce66f}.Debug|Any CPU.ActiveCfg = Debug|Any CPU
		{ad95ca45-0586-86fd-8abc-9d85b84ce66f}.Debug|Any CPU.Build.0 = Debug|Any CPU
		{ad95ca45-0586-86fd-8abc-9d85b84ce66f}.Release|Any CPU.ActiveCfg = Release|Any CPU
		{ad95ca45-0586-86fd-8abc-9d85b84ce66f}.Release|Any CPU.Build.0 = Release|Any CPU
		{df1d3ad9-9104-34a6-506e-581fdfe61d13}.Debug|Any CPU.ActiveCfg = Debug|Any CPU
		{df1d3ad9-9104-34a6-506e-581fdfe61d13}.Debug|Any CPU.Build.0 = Debug|Any CPU
		{df1d3ad9-9104-34a6-506e-581fdfe61d13}.Release|Any CPU.ActiveCfg = Release|Any CPU
		{df1d3ad9-9104-34a6-506e-581fdfe61d13}.Release|Any CPU.Build.0 = Release|Any CPU
		{6643e9c6-52f4-38fd-e84e-2306398ad334}.Debug|Any CPU.ActiveCfg = Debug|Any CPU
		{6643e9c6-52f4-38fd-e84e-2306398ad334}.Debug|Any CPU.Build.0 = Debug|Any CPU
		{6643e9c6-52f4-38fd-e84e-2306398ad334}.Release|Any CPU.ActiveCfg = Release|Any CPU
		{6643e9c6-52f4-38fd-e84e-2306398ad334}.Release|Any CPU.Build.0 = Release|Any CPU
	EndGlobalSection
	GlobalSection(SolutionProperties) = preSolution
		HideSolutionNode = FALSE
	EndGlobalSection
EndGlobal
